# THIS IS AN AUTOGENERATED FILE. DO NOT EDIT THIS FILE DIRECTLY.
# yarn lockfile v1


immutability-helper@^2.1.2:
  version "2.1.2"
  resolved "https://registry.yarnpkg.com/immutability-helper/-/immutability-helper-2.1.2.tgz#734506440d7209b74664dcadaa8ba14e73f2185b"
  dependencies:
    invariant "^2.2.0"

invariant@^2.2.0:
  version "2.2.2"
  resolved "https://registry.yarnpkg.com/invariant/-/invariant-2.2.2.tgz#9e1f56ac0acdb6bf303306f338be3b204ae60360"
  dependencies:
    loose-envify "^1.0.0"

js-tokens@^3.0.0:
  version "3.0.1"
  resolved "https://registry.yarnpkg.com/js-tokens/-/js-tokens-3.0.1.tgz#08e9f132484a2c45a30907e9dc4d5567b7f114d7"

loose-envify@^1.0.0:
  version "1.3.1"
  resolved "https://registry.yarnpkg.com/loose-envify/-/loose-envify-1.3.1.tgz#d1a8ad33fa9ce0e713d65fdd0ac8b748d478c848"
  dependencies:
    js-tokens "^3.0.0"

moment@^2.18.1:
  version "2.18.1"
  resolved "https://registry.yarnpkg.com/moment/-/moment-2.18.1.tgz#c36193dd3ce1c2eed2adb7c802dbbc77a81b1c0f"

object-assign@^3.0.0:
  version "3.0.0"
  resolved "https://registry.yarnpkg.com/object-assign/-/object-assign-3.0.0.tgz#9bedd5ca0897949bca47e7ff408062d549f587f2"

react-datetime@^2.8.8:
  version "2.8.8"
  resolved "https://registry.yarnpkg.com/react-datetime/-/react-datetime-2.8.8.tgz#8075836177f21dcd085b77e570ecf5b3af219e92"
  dependencies:
    object-assign "^3.0.0"
    react-onclickoutside "^5.9.0"

react-onclickoutside@^5.9.0:
  version "5.10.0"
  resolved "https://registry.yarnpkg.com/react-onclickoutside/-/react-onclickoutside-5.10.0.tgz#6831f1bd8683ce75f3f4f9821aa012919e907684"
